
Microsoft Visual Studio Solution File, Format Version 12.00
# Visual Studio Version 17
VisualStudioVersion = 17.11.35222.181
MinimumVisualStudioVersion = 10.0.40219.1
Project("{8BC9CEB8-8B4A-11D0-8D11-00A0C91BC942}") = "CS175-Final-Project", "CS175-Final-Project\CS175-Final-Project.vcxproj", "{D0229EF1-C139-4BDD-8E2C-4115F310036F}"
EndProject
Global
	GlobalSection(SolutionConfigurationPlatforms) = preSolution
		Debug|x64 = Debug|x64
		Debug|x86 = Debug|x86
		Release|x64 = Release|x64
		Release|x86 = Release|x86
	EndGlobalSection
	GlobalSection(ProjectConfigurationPlatforms) = postSolution
		{D0229EF1-C139-4BDD-8E2C-4115F310036F}.Debug|x64.ActiveCfg = Debug|x64
		{D0229EF1-C139-4BDD-8E2C-4115F310036F}.Debug|x64.Build.0 = Debug|x64
		{D0229EF1-C139-4BDD-8E2C-4115F310036F}.Debug|x86.ActiveCfg = Debug|Win32
		{D0229EF1-C139-4BDD-8E2C-4115F310036F}.Debug|x86.Build.0 = Debug|Win32
		{D0229EF1-C139-4BDD-8E2C-4115F310036F}.Release|x64.ActiveCfg = Release|x64
		{D0229EF1-C139-4BDD-8E2C-4115F310036F}.Release|x64.Build.0 = Release|x64
		{D0229EF1-C139-4BDD-8E2C-4115F310036F}.Release|x86.ActiveCfg = Release|Win32
		{D0229EF1-C139-4BDD-8E2C-4115F310036F}.Release|x86.Build.0 = Release|Win32
	EndGlobalSection
	GlobalSection(SolutionProperties) = preSolution
		HideSolutionNode = FALSE
	EndGlobalSection
	GlobalSection(ExtensibilityGlobals) = postSolution
		SolutionGuid = {A6DA708F-CC02-4EC4-8155-CC4AF35182BF}
	EndGlobalSection
EndGlobal
